
Microsoft Visual Studio Solution File, Format Version 12.00
# Visual Studio Version 17
VisualStudioVersion = 17.10.35122.118
MinimumVisualStudioVersion = 10.0.40219.1
Project("{FAE04EC0-301F-11D3-BF4B-00C04F79EFBC}") = "AdminApp", "AdminApp\AdminApp.csproj", "{562B74BE-397A-4B0F-8213-84434EB5D7A4}"
EndProject
Project("{FAE04EC0-301F-11D3-BF4B-00C04F79EFBC}") = "FrontEndWPF", "FrontEndWPF\FrontEndWPF.csproj", "{CEAE891D-4879-40C1-B2BF-E4932D16330A}"
EndProject
Global
	GlobalSection(SolutionConfigurationPlatforms) = preSolution
		Debug|Any CPU = Debug|Any CPU
		Release|Any CPU = Release|Any CPU
	EndGlobalSection
	GlobalSection(ProjectConfigurationPlatforms) = postSolution
		{562B74BE-397A-4B0F-8213-84434EB5D7A4}.Debug|Any CPU.ActiveCfg = Debug|Any CPU
		{562B74BE-397A-4B0F-8213-84434EB5D7A4}.Debug|Any CPU.Build.0 = Debug|Any CPU
		{562B74BE-397A-4B0F-8213-84434EB5D7A4}.Release|Any CPU.ActiveCfg = Release|Any CPU
		{562B74BE-397A-4B0F-8213-84434EB5D7A4}.Release|Any CPU.Build.0 = Release|Any CPU
		{CEAE891D-4879-40C1-B2BF-E4932D16330A}.Debug|Any CPU.ActiveCfg = Debug|Any CPU
		{CEAE891D-4879-40C1-B2BF-E4932D16330A}.Debug|Any CPU.Build.0 = Debug|Any CPU
		{CEAE891D-4879-40C1-B2BF-E4932D16330A}.Release|Any CPU.ActiveCfg = Release|Any CPU
		{CEAE891D-4879-40C1-B2BF-E4932D16330A}.Release|Any CPU.Build.0 = Release|Any CPU
	EndGlobalSection
	GlobalSection(SolutionProperties) = preSolution
		HideSolutionNode = FALSE
	EndGlobalSection
	GlobalSection(ExtensibilityGlobals) = postSolution
		SolutionGuid = {EBC1C0EF-6C67-4A4F-BA33-0DD7D4B70339}
	EndGlobalSection
EndGlobal
